
Microsoft Visual Studio Solution File, Format Version 12.00
# Visual Studio Version 16
VisualStudioVersion = 16.0.31321.278
MinimumVisualStudioVersion = 10.0.40219.1
Project("{FAE04EC0-301F-11D3-BF4B-00C04F79EFBC}") = "ConferencePlanner", "ConferencePlanner\ConferencePlanner.csproj", "{14655217-D895-4562-A358-05DA6C8539CE}"
EndProject
Global
	GlobalSection(SolutionConfigurationPlatforms) = preSolution
		Debug|Any CPU = Debug|Any CPU
		Release|Any CPU = Release|Any CPU
	EndGlobalSection
	GlobalSection(ProjectConfigurationPlatforms) = postSolution
		{14655217-D895-4562-A358-05DA6C8539CE}.Debug|Any CPU.ActiveCfg = Debug|Any CPU
		{14655217-D895-4562-A358-05DA6C8539CE}.Debug|Any CPU.Build.0 = Debug|Any CPU
		{14655217-D895-4562-A358-05DA6C8539CE}.Release|Any CPU.ActiveCfg = Release|Any CPU
		{14655217-D895-4562-A358-05DA6C8539CE}.Release|Any CPU.Build.0 = Release|Any CPU
	EndGlobalSection
	GlobalSection(SolutionProperties) = preSolution
		HideSolutionNode = FALSE
	EndGlobalSection
	GlobalSection(ExtensibilityGlobals) = postSolution
		SolutionGuid = {2B38A8ED-0EDE-417E-914C-4516C480F122}
	EndGlobalSection
EndGlobal
